// !$*UTF8*$!
{
	archiveVersion = 1;
	classes = {
	};
	objectVersion = 46;
	objects = {

/* Begin PBXBuildFile section */
		DD9C38F515B662A400D3CB03 /* UIKit.framework in Frameworks */ = {isa = PBXBuildFile; fileRef = DD9C38F415B662A400D3CB03 /* UIKit.framework */; };
		DD9C38F715B662A400D3CB03 /* Foundation.framework in Frameworks */ = {isa = PBXBuildFile; fileRef = DD9C38F615B662A400D3CB03 /* Foundation.framework */; };
		DD9C38F915B662A400D3CB03 /* CoreGraphics.framework in Frameworks */ = {isa = PBXBuildFile; fileRef = DD9C38F815B662A400D3CB03 /* CoreGraphics.framework */; };
		DD9C38FF15B662A400D3CB03 /* InfoPlist.strings in Resources */ = {isa = PBXBuildFile; fileRef = DD9C38FD15B662A400D3CB03 /* InfoPlist.strings */; };
		DD9C390115B662A400D3CB03 /* main.m in Sources */ = {isa = PBXBuildFile; fileRef = DD9C390015B662A400D3CB03 /* main.m */; };
		DD9C390515B662A400D3CB03 /* AppDelegate.m in Sources */ = {isa = PBXBuildFile; fileRef = DD9C390415B662A400D3CB03 /* AppDelegate.m */; };
		DD9C390815B662A400D3CB03 /* ViewController.m in Sources */ = {isa = PBXBuildFile; fileRef = DD9C390715B662A400D3CB03 /* ViewController.m */; };
		DD9C390B15B662A400D3CB03 /* ViewController.xib in Resources */ = {isa = PBXBuildFile; fileRef = DD9C390915B662A400D3CB03 /* ViewController.xib */; };
/* End PBXBuildFile section */

/* Begin PBXFileReference section */
		DD9C38F015B662A400D3CB03 /* Movie.app */ = {isa = PBXFileReference; explicitFileType = wrapper.application; includeInIndex = 0; path = Movie.app; sourceTree = BUILT_PRODUCTS_DIR; };
		DD9C38F415B662A400D3CB03 /* UIKit.framework */ = {isa = PBXFileReference; lastKnownFileType = wrapper.framework; name = UIKit.framework; path = System/Library/Frameworks/UIKit.framework; sourceTree = SDKROOT; };
		DD9C38F615B662A400D3CB03 /* Foundation.framework */ = {isa = PBXFileReference; lastKnownFileType = wrapper.framework; name = Foundation.framework; path = System/Library/Frameworks/Foundation.framework; sourceTree = SDKROOT; };
		DD9C38F815B662A400D3CB03 /* CoreGraphics.framework */ = {isa = PBXFileReference; lastKnownFileType = wrapper.framework; name = CoreGraphics.framework; path = System/Library/Frameworks/CoreGraphics.framework; sourceTree = SDKROOT; };
		DD9C38FC15B662A400D3CB03 /* Movie-Info.plist */ = {isa = PBXFileReference; path = "Movie-Info.plist"; sourceTree = "<group>"; };
		DD9C38FE15B662A400D3CB03 /* en */ = {isa = PBXFileReference; lastKnownFileType = text.plist.strings; name = en; path = en.lproj/InfoPlist.strings; sourceTree = "<group>"; };
		DD9C390015B662A400D3CB03 /* main.m */ = {isa = PBXFileReference; lastKnownFileType = sourcecode.c.objc; path = main.m; sourceTree = "<group>"; };
		DD9C390215B662A400D3CB03 /* Movie-Prefix.pch */ = {isa = PBXFileReference; path = "Movie-Prefix.pch"; sourceTree = "<group>"; };
		DD9C390315B662A400D3CB03 /* AppDelegate.h */ = {isa = PBXFileReference; path = AppDelegate.h; sourceTree = "<group>"; };
		DD9C390415B662A400D3CB03 /* AppDelegate.m */ = {isa = PBXFileReference; lastKnownFileType = sourcecode.c.objc; path = AppDelegate.m; sourceTree = "<group>"; };
		DD9C390615B662A400D3CB03 /* ViewController.h */ = {isa = PBXFileReference; path = ViewController.h; sourceTree = "<group>"; };
		DD9C390715B662A400D3CB03 /* ViewController.m */ = {isa = PBXFileReference; lastKnownFileType = sourcecode.c.objc; path = ViewController.m; sourceTree = "<group>"; };
		DD9C390A15B662A400D3CB03 /* en */ = {isa = PBXFileReference; lastKnownFileType = file.xib; name = en; path = en.lproj/ViewController.xib; sourceTree = "<group>"; };
/* End PBXFileReference section */

/* Begin PBXFrameworksBuildPhase section */
		DD9C38ED15B662A400D3CB03 /* Frameworks */ = {
			isa = PBXFrameworksBuildPhase;
			buildActionMask = 2147483647;
			files = (
				DD9C38F515B662A400D3CB03 /* UIKit.framework in Frameworks */,
				DD9C38F715B662A400D3CB03 /* Foundation.framework in Frameworks */,
				DD9C38F915B662A400D3CB03 /* CoreGraphics.framework in Frameworks */,
			);
			runOnlyForDeploymentPostprocessing = 0;
		};
/* End PBXFrameworksBuildPhase section */

/* Begin PBXGroup section */
		DD9C38E515B662A300D3CB03 = {
			isa = PBXGroup;
			children = (
				DD9C38FA15B662A400D3CB03 /* Movie */,
				DD9C38F315B662A400D3CB03 /* Frameworks */,
				DD9C38F115B662A400D3CB03 /* Products */,
			);
			sourceTree = "<group>";
		};
		DD9C38F115B662A400D3CB03 /* Products */ = {
			isa = PBXGroup;
			children = (
				DD9C38F015B662A400D3CB03 /* Movie.app */,
			);
			name = Products;
			sourceTree = "<group>";
		};
		DD9C38F315B662A400D3CB03 /* Frameworks */ = {
			isa = PBXGroup;
			children = (
				DD9C38F415B662A400D3CB03 /* UIKit.framework */,
				DD9C38F615B662A400D3CB03 /* Foundation.framework */,
				DD9C38F815B662A400D3CB03 /* CoreGraphics.framework */,
			);
			name = Frameworks;
			sourceTree = "<group>";
		};
		DD9C38FA15B662A400D3CB03 /* Movie */ = {
			isa = PBXGroup;
			children = (
				DD9C390315B662A400D3CB03 /* AppDelegate.h */,
				DD9C390415B662A400D3CB03 /* AppDelegate.m */,
				DD9C390615B662A400D3CB03 /* ViewController.h */,
				DD9C390715B662A400D3CB03 /* ViewController.m */,
				DD9C390915B662A400D3CB03 /* ViewController.xib */,
				DD9C38FB15B662A400D3CB03 /* Supporting Files */,
			);
			path = Movie;
			sourceTree = "<group>";
		};
		DD9C38FB15B662A400D3CB03 /* Supporting Files */ = {
			isa = PBXGroup;
			children = (
				DD9C38FC15B662A400D3CB03 /* Movie-Info.plist */,
				DD9C38FD15B662A400D3CB03 /* InfoPlist.strings */,
				DD9C390015B662A400D3CB03 /* main.m */,
				DD9C390215B662A400D3CB03 /* Movie-Prefix.pch */,
			);
			name = "Supporting Files";
			sourceTree = "<group>";
		};
/* End PBXGroup section */

/* Begin PBXNativeTarget section */
		DD9C38EF15B662A400D3CB03 /* Movie */ = {
			isa = PBXNativeTarget;
			buildConfigurationList = DD9C390E15B662A400D3CB03 /* Build configuration list for PBXNativeTarget "Movie" */;
			buildPhases = (
				DD9C38EC15B662A400D3CB03 /* Sources */,
				DD9C38ED15B662A400D3CB03 /* Frameworks */,
				DD9C38EE15B662A400D3CB03 /* Resources */,
			);
			buildRules = (
			);
			dependencies = (
			);
			name = Movie;
			productName = Movie;
			productReference = DD9C38F015B662A400D3CB03 /* Movie.app */;
			productType = "com.apple.product-type.application";
		};
/* End PBXNativeTarget section */

/* Begin PBXProject section */
		DD9C38E715B662A300D3CB03 /* Project object */ = {
			isa = PBXProject;
			attributes = {
				LastUpgradeCheck = 0420;
			};
			buildConfigurationList = DD9C38EA15B662A300D3CB03 /* Build configuration list for PBXProject "Movie" */;
			compatibilityVersion = "Xcode 3.2";
			developmentRegion = English;
			hasScannedForEncodings = 0;
			knownRegions = (
				en,
			);
			mainGroup = DD9C38E515B662A300D3CB03;
			productRefGroup = DD9C38F115B662A400D3CB03 /* Products */;
			projectDirPath = "";
			projectRoot = "";
			targets = (
				DD9C38EF15B662A400D3CB03 /* Movie */,
			);
		};
/* End PBXProject section */

/* Begin PBXResourcesBuildPhase section */
		DD9C38EE15B662A400D3CB03 /* Resources */ = {
			isa = PBXResourcesBuildPhase;
			buildActionMask = 2147483647;
			files = (
				DD9C38FF15B662A400D3CB03 /* InfoPlist.strings in Resources */,
				DD9C390B15B662A400D3CB03 /* ViewController.xib in Resources */,
			);
			runOnlyForDeploymentPostprocessing = 0;
		};
/* End PBXResourcesBuildPhase section */

/* Begin PBXSourcesBuildPhase section */
		DD9C38EC15B662A400D3CB03 /* Sources */ = {
			isa = PBXSourcesBuildPhase;
			buildActionMask = 2147483647;
			files = (
				DD9C390115B662A400D3CB03 /* main.m in Sources */,
				DD9C390515B662A400D3CB03 /* AppDelegate.m in Sources */,
				DD9C390815B662A400D3CB03 /* ViewController.m in Sources */,
			);
			runOnlyForDeploymentPostprocessing = 0;
		};
/* End PBXSourcesBuildPhase section */

/* Begin PBXVariantGroup section */
		DD9C38FD15B662A400D3CB03 /* InfoPlist.strings */ = {
			isa = PBXVariantGroup;
			children = (
				DD9C38FE15B662A400D3CB03 /* en */,
			);
			name = InfoPlist.strings;
			sourceTree = "<group>";
		};
		DD9C390915B662A400D3CB03 /* ViewController.xib */ = {
			isa = PBXVariantGroup;
			children = (
				DD9C390A15B662A400D3CB03 /* en */,
			);
			name = ViewController.xib;
			sourceTree = "<group>";
		};
/* End PBXVariantGroup section */

/* Begin XCBuildConfiguration section */
		DD9C390C15B662A400D3CB03 /* Debug */ = {
			isa = XCBuildConfiguration;
			buildSettings = {
				ALWAYS_SEARCH_USER_PATHS = NO;
				ARCHS = "$(ARCHS_STANDARD_32_BIT)";
				CLANG_ENABLE_OBJC_ARC = YES;
				"CODE_SIGN_IDENTITY[sdk=iphoneos*]" = "iPhone Developer";
				COPY_PHASE_STRIP = NO;
				GCC_C_LANGUAGE_STANDARD = gnu99;
				GCC_DYNAMIC_NO_PIC = NO;
				GCC_OPTIMIZATION_LEVEL = 0;
				GCC_PREPROCESSOR_DEFINITIONS = (
					"DEBUG=1",
					"$(inherited)",
				);
				GCC_SYMBOLS_PRIVATE_EXTERN = NO;
				GCC_VERSION = com.apple.compilers.llvm.clang.1_0;
				GCC_WARN_ABOUT_MISSING_PROTOTYPES = YES;
				GCC_WARN_ABOUT_RETURN_TYPE = YES;
				GCC_WARN_UNUSED_VARIABLE = YES;
				IPHONEOS_DEPLOYMENT_TARGET = 5.1;
				SDKROOT = iphoneos;
				TARGETED_DEVICE_FAMILY = 2;
			};
			name = Debug;
		};
		DD9C390D15B662A400D3CB03 /* Release */ = {
			isa = XCBuildConfiguration;
			buildSettings = {
				ALWAYS_SEARCH_USER_PATHS = NO;
				ARCHS = "$(ARCHS_STANDARD_32_BIT)";
				CLANG_ENABLE_OBJC_ARC = YES;
				"CODE_SIGN_IDENTITY[sdk=iphoneos*]" = "iPhone Developer";
				COPY_PHASE_STRIP = YES;
				GCC_C_LANGUAGE_STANDARD = gnu99;
				GCC_VERSION = com.apple.compilers.llvm.clang.1_0;
				GCC_WARN_ABOUT_MISSING_PROTOTYPES = YES;
				GCC_WARN_ABOUT_RETURN_TYPE = YES;
				GCC_WARN_UNUSED_VARIABLE = YES;
				IPHONEOS_DEPLOYMENT_TARGET = 5.1;
				OTHER_CFLAGS = "-DNS_BLOCK_ASSERTIONS=1";
				SDKROOT = iphoneos;
				TARGETED_DEVICE_FAMILY = 2;
				VALIDATE_PRODUCT = YES;
			};
			name = Release;
		};
		DD9C390F15B662A400D3CB03 /* Debug */ = {
			isa = XCBuildConfiguration;
			buildSettings = {
				GCC_PRECOMPILE_PREFIX_HEADER = YES;
				GCC_PREFIX_HEADER = "Movie/Movie-Prefix.pch";
				INFOPLIST_FILE = "Movie/Movie-Info.plist";
				PRODUCT_NAME = "$(TARGET_NAME)";
				WRAPPER_EXTENSION = app;
			};
			name = Debug;
		};
		DD9C391015B662A400D3CB03 /* Release */ = {
			isa = XCBuildConfiguration;
			buildSettings = {
				GCC_PRECOMPILE_PREFIX_HEADER = YES;
				GCC_PREFIX_HEADER = "Movie/Movie-Prefix.pch";
				INFOPLIST_FILE = "Movie/Movie-Info.plist";
				PRODUCT_NAME = "$(TARGET_NAME)";
				WRAPPER_EXTENSION = app;
			};
			name = Release;
		};
/* End XCBuildConfiguration section */

/* Begin XCConfigurationList section */
		DD9C38EA15B662A300D3CB03 /* Build configuration list for PBXProject "Movie" */ = {
			isa = XCConfigurationList;
			buildConfigurations = (
				DD9C390C15B662A400D3CB03 /* Debug */,
				DD9C390D15B662A400D3CB03 /* Release */,
			);
			defaultConfigurationIsVisible = 0;
			defaultConfigurationName = Release;
		};
		DD9C390E15B662A400D3CB03 /* Build configuration list for PBXNativeTarget "Movie" */ = {
			isa = XCConfigurationList;
			buildConfigurations = (
				DD9C390F15B662A400D3CB03 /* Debug */,
				DD9C391015B662A400D3CB03 /* Release */,
			);
			defaultConfigurationIsVisible = 0;
		};
/* End XCConfigurationList section */
	};
	rootObject = DD9C38E715B662A300D3CB03 /* Project object */;
}
